
Microsoft Visual Studio Solution File, Format Version 12.00
Project("{FAE04EC0-301F-11D3-BF4B-00C04F79EFBC}") = "FindSubstring", "FindSubstring\FindSubstring.csproj", "{8692D210-7411-480A-9655-B5EF4E40AD9F}"
EndProject
Project("{FAE04EC0-301F-11D3-BF4B-00C04F79EFBC}") = "FinderTests", "FinderTests\FinderTests.csproj", "{8C05B31F-71D4-4CBB-A7EB-1ADA00479CAC}"
EndProject
Global
	GlobalSection(SolutionConfigurationPlatforms) = preSolution
		Debug|Any CPU = Debug|Any CPU
		Release|Any CPU = Release|Any CPU
	EndGlobalSection
	GlobalSection(ProjectConfigurationPlatforms) = postSolution
		{8692D210-7411-480A-9655-B5EF4E40AD9F}.Debug|Any CPU.ActiveCfg = Debug|Any CPU
		{8692D210-7411-480A-9655-B5EF4E40AD9F}.Debug|Any CPU.Build.0 = Debug|Any CPU
		{8692D210-7411-480A-9655-B5EF4E40AD9F}.Release|Any CPU.ActiveCfg = Release|Any CPU
		{8692D210-7411-480A-9655-B5EF4E40AD9F}.Release|Any CPU.Build.0 = Release|Any CPU
		{8C05B31F-71D4-4CBB-A7EB-1ADA00479CAC}.Debug|Any CPU.ActiveCfg = Debug|Any CPU
		{8C05B31F-71D4-4CBB-A7EB-1ADA00479CAC}.Debug|Any CPU.Build.0 = Debug|Any CPU
		{8C05B31F-71D4-4CBB-A7EB-1ADA00479CAC}.Release|Any CPU.ActiveCfg = Release|Any CPU
		{8C05B31F-71D4-4CBB-A7EB-1ADA00479CAC}.Release|Any CPU.Build.0 = Release|Any CPU
	EndGlobalSection
EndGlobal
